// !$*UTF8*$!
{
	archiveVersion = 1;
	classes = {
	};
	objectVersion = 50;
	objects = {

/* Begin PBXBuildFile section */
		AB8DE7B125D71BBC0095B368 /* AppDelegate.swift in Sources */ = {isa = PBXBuildFile; fileRef = AB8DE7B025D71BBC0095B368 /* AppDelegate.swift */; };
		AB8DE7B325D71BBC0095B368 /* SceneDelegate.swift in Sources */ = {isa = PBXBuildFile; fileRef = AB8DE7B225D71BBC0095B368 /* SceneDelegate.swift */; };
		AB8DE7B525D71BBC0095B368 /* ViewController.swift in Sources */ = {isa = PBXBuildFile; fileRef = AB8DE7B425D71BBC0095B368 /* ViewController.swift */; };
		AB8DE7B825D71BBC0095B368 /* Main.storyboard in Resources */ = {isa = PBXBuildFile; fileRef = AB8DE7B625D71BBC0095B368 /* Main.storyboard */; };
		AB8DE7BB25D71BBC0095B368 /* AgainstTortures.xcdatamodeld in Sources */ = {isa = PBXBuildFile; fileRef = AB8DE7B925D71BBC0095B368 /* AgainstTortures.xcdatamodeld */; };
		AB8DE7BD25D71BBE0095B368 /* Assets.xcassets in Resources */ = {isa = PBXBuildFile; fileRef = AB8DE7BC25D71BBE0095B368 /* Assets.xcassets */; };
		AB8DE7C025D71BBE0095B368 /* LaunchScreen.storyboard in Resources */ = {isa = PBXBuildFile; fileRef = AB8DE7BE25D71BBE0095B368 /* LaunchScreen.storyboard */; };
/* End PBXBuildFile section */

/* Begin PBXFileReference section */
		AB8DE7AD25D71BBC0095B368 /* AgainstTortures.app */ = {isa = PBXFileReference; explicitFileType = wrapper.application; includeInIndex = 0; path = AgainstTortures.app; sourceTree = BUILT_PRODUCTS_DIR; };
		AB8DE7B025D71BBC0095B368 /* AppDelegate.swift */ = {isa = PBXFileReference; lastKnownFileType = sourcecode.swift; path = AppDelegate.swift; sourceTree = "<group>"; };
		AB8DE7B225D71BBC0095B368 /* SceneDelegate.swift */ = {isa = PBXFileReference; lastKnownFileType = sourcecode.swift; path = SceneDelegate.swift; sourceTree = "<group>"; };
		AB8DE7B425D71BBC0095B368 /* ViewController.swift */ = {isa = PBXFileReference; lastKnownFileType = sourcecode.swift; path = ViewController.swift; sourceTree = "<group>"; };
		AB8DE7B725D71BBC0095B368 /* Base */ = {isa = PBXFileReference; lastKnownFileType = file.storyboard; name = Base; path = Base.lproj/Main.storyboard; sourceTree = "<group>"; };
		AB8DE7BA25D71BBC0095B368 /* AgainstTortures.xcdatamodel */ = {isa = PBXFileReference; lastKnownFileType = wrapper.xcdatamodel; path = AgainstTortures.xcdatamodel; sourceTree = "<group>"; };
		AB8DE7BC25D71BBE0095B368 /* Assets.xcassets */ = {isa = PBXFileReference; lastKnownFileType = folder.assetcatalog; path = Assets.xcassets; sourceTree = "<group>"; };
		AB8DE7BF25D71BBE0095B368 /* Base */ = {isa = PBXFileReference; lastKnownFileType = file.storyboard; name = Base; path = Base.lproj/LaunchScreen.storyboard; sourceTree = "<group>"; };
		AB8DE7C125D71BBE0095B368 /* Info.plist */ = {isa = PBXFileReference; lastKnownFileType = text.plist.xml; path = Info.plist; sourceTree = "<group>"; };
/* End PBXFileReference section */

/* Begin PBXFrameworksBuildPhase section */
		AB8DE7AA25D71BBC0095B368 /* Frameworks */ = {
			isa = PBXFrameworksBuildPhase;
			buildActionMask = 2147483647;
			files = (
			);
			runOnlyForDeploymentPostprocessing = 0;
		};
/* End PBXFrameworksBuildPhase section */

/* Begin PBXGroup section */
		AB8DE7A425D71BBC0095B368 = {
			isa = PBXGroup;
			children = (
				AB8DE7AF25D71BBC0095B368 /* AgainstTortures */,
				AB8DE7AE25D71BBC0095B368 /* Products */,
			);
			sourceTree = "<group>";
		};
		AB8DE7AE25D71BBC0095B368 /* Products */ = {
			isa = PBXGroup;
			children = (
				AB8DE7AD25D71BBC0095B368 /* AgainstTortures.app */,
			);
			name = Products;
			sourceTree = "<group>";
		};
		AB8DE7AF25D71BBC0095B368 /* AgainstTortures */ = {
			isa = PBXGroup;
			children = (
				AB8DE7B025D71BBC0095B368 /* AppDelegate.swift */,
				AB8DE7B225D71BBC0095B368 /* SceneDelegate.swift */,
				AB8DE7B425D71BBC0095B368 /* ViewController.swift */,
				AB8DE7B625D71BBC0095B368 /* Main.storyboard */,
				AB8DE7BC25D71BBE0095B368 /* Assets.xcassets */,
				AB8DE7BE25D71BBE0095B368 /* LaunchScreen.storyboard */,
				AB8DE7C125D71BBE0095B368 /* Info.plist */,
				AB8DE7B925D71BBC0095B368 /* AgainstTortures.xcdatamodeld */,
			);
			path = AgainstTortures;
			sourceTree = "<group>";
		};
/* End PBXGroup section */

/* Begin PBXNativeTarget section */
		AB8DE7AC25D71BBC0095B368 /* AgainstTortures */ = {
			isa = PBXNativeTarget;
			buildConfigurationList = AB8DE7C425D71BBE0095B368 /* Build configuration list for PBXNativeTarget "AgainstTortures" */;
			buildPhases = (
				AB8DE7A925D71BBC0095B368 /* Sources */,
				AB8DE7AA25D71BBC0095B368 /* Frameworks */,
				AB8DE7AB25D71BBC0095B368 /* Resources */,
			);
			buildRules = (
			);
			dependencies = (
			);
			name = AgainstTortures;
			productName = AgainstTortures;
			productReference = AB8DE7AD25D71BBC0095B368 /* AgainstTortures.app */;
			productType = "com.apple.product-type.application";
		};
/* End PBXNativeTarget section */

/* Begin PBXProject section */
		AB8DE7A525D71BBC0095B368 /* Project object */ = {
			isa = PBXProject;
			attributes = {
				LastSwiftUpdateCheck = 1240;
				LastUpgradeCheck = 1240;
				TargetAttributes = {
					AB8DE7AC25D71BBC0095B368 = {
						CreatedOnToolsVersion = 12.4;
					};
				};
			};
			buildConfigurationList = AB8DE7A825D71BBC0095B368 /* Build configuration list for PBXProject "AgainstTortures" */;
			compatibilityVersion = "Xcode 9.3";
			developmentRegion = en;
			hasScannedForEncodings = 0;
			knownRegions = (
				en,
				Base,
			);
			mainGroup = AB8DE7A425D71BBC0095B368;
			productRefGroup = AB8DE7AE25D71BBC0095B368 /* Products */;
			projectDirPath = "";
			projectRoot = "";
			targets = (
				AB8DE7AC25D71BBC0095B368 /* AgainstTortures */,
			);
		};
/* End PBXProject section */

/* Begin PBXResourcesBuildPhase section */
		AB8DE7AB25D71BBC0095B368 /* Resources */ = {
			isa = PBXResourcesBuildPhase;
			buildActionMask = 2147483647;
			files = (
				AB8DE7C025D71BBE0095B368 /* LaunchScreen.storyboard in Resources */,
				AB8DE7BD25D71BBE0095B368 /* Assets.xcassets in Resources */,
				AB8DE7B825D71BBC0095B368 /* Main.storyboard in Resources */,
			);
			runOnlyForDeploymentPostprocessing = 0;
		};
/* End PBXResourcesBuildPhase section */

/* Begin PBXSourcesBuildPhase section */
		AB8DE7A925D71BBC0095B368 /* Sources */ = {
			isa = PBXSourcesBuildPhase;
			buildActionMask = 2147483647;
			files = (
				AB8DE7B525D71BBC0095B368 /* ViewController.swift in Sources */,
				AB8DE7B125D71BBC0095B368 /* AppDelegate.swift in Sources */,
				AB8DE7B325D71BBC0095B368 /* SceneDelegate.swift in Sources */,
				AB8DE7BB25D71BBC0095B368 /* AgainstTortures.xcdatamodeld in Sources */,
			);
			runOnlyForDeploymentPostprocessing = 0;
		};
/* End PBXSourcesBuildPhase section */

/* Begin PBXVariantGroup section */
		AB8DE7B625D71BBC0095B368 /* Main.storyboard */ = {
			isa = PBXVariantGroup;
			children = (
				AB8DE7B725D71BBC0095B368 /* Base */,
			);
			name = Main.storyboard;
			sourceTree = "<group>";
		};
		AB8DE7BE25D71BBE0095B368 /* LaunchScreen.storyboard */ = {
			isa = PBXVariantGroup;
			children = (
				AB8DE7BF25D71BBE0095B368 /* Base */,
			);
			name = LaunchScreen.storyboard;
			sourceTree = "<group>";
		};
/* End PBXVariantGroup section */

/* Begin XCBuildConfiguration section */
		AB8DE7C225D71BBE0095B368 /* Debug */ = {
			isa = XCBuildConfiguration;
			buildSettings = {
				ALWAYS_SEARCH_USER_PATHS = NO;
				CLANG_ANALYZER_NONNULL = YES;
				CLANG_ANALYZER_NUMBER_OBJECT_CONVERSION = YES_AGGRESSIVE;
				CLANG_CXX_LANGUAGE_STANDARD = "gnu++14";
				CLANG_CXX_LIBRARY = "libc++";
				CLANG_ENABLE_MODULES = YES;
				CLANG_ENABLE_OBJC_ARC = YES;
				CLANG_ENABLE_OBJC_WEAK = YES;
				CLANG_WARN_BLOCK_CAPTURE_AUTORELEASING = YES;
				CLANG_WARN_BOOL_CONVERSION = YES;
				CLANG_WARN_COMMA = YES;
				CLANG_WARN_CONSTANT_CONVERSION = YES;
				CLANG_WARN_DEPRECATED_OBJC_IMPLEMENTATIONS = YES;
				CLANG_WARN_DIRECT_OBJC_ISA_USAGE = YES_ERROR;
				CLANG_WARN_DOCUMENTATION_COMMENTS = YES;
				CLANG_WARN_EMPTY_BODY = YES;
				CLANG_WARN_ENUM_CONVERSION = YES;
				CLANG_WARN_INFINITE_RECURSION = YES;
				CLANG_WARN_INT_CONVERSION = YES;
				CLANG_WARN_NON_LITERAL_NULL_CONVERSION = YES;
				CLANG_WARN_OBJC_IMPLICIT_RETAIN_SELF = YES;
				CLANG_WARN_OBJC_LITERAL_CONVERSION = YES;
				CLANG_WARN_OBJC_ROOT_CLASS = YES_ERROR;
				CLANG_WARN_QUOTED_INCLUDE_IN_FRAMEWORK_HEADER = YES;
				CLANG_WARN_RANGE_LOOP_ANALYSIS = YES;
				CLANG_WARN_STRICT_PROTOTYPES = YES;
				CLANG_WARN_SUSPICIOUS_MOVE = YES;
				CLANG_WARN_UNGUARDED_AVAILABILITY = YES_AGGRESSIVE;
				CLANG_WARN_UNREACHABLE_CODE = YES;
				CLANG_WARN__DUPLICATE_METHOD_MATCH = YES;
				COPY_PHASE_STRIP = NO;
				DEBUG_INFORMATION_FORMAT = dwarf;
				ENABLE_STRICT_OBJC_MSGSEND = YES;
				ENABLE_TESTABILITY = YES;
				GCC_C_LANGUAGE_STANDARD = gnu11;
				GCC_DYNAMIC_NO_PIC = NO;
				GCC_NO_COMMON_BLOCKS = YES;
				GCC_OPTIMIZATION_LEVEL = 0;
				GCC_PREPROCESSOR_DEFINITIONS = (
					"DEBUG=1",
					"$(inherited)",
				);
				GCC_WARN_64_TO_32_BIT_CONVERSION = YES;
				GCC_WARN_ABOUT_RETURN_TYPE = YES_ERROR;
				GCC_WARN_UNDECLARED_SELECTOR = YES;
				GCC_WARN_UNINITIALIZED_AUTOS = YES_AGGRESSIVE;
				GCC_WARN_UNUSED_FUNCTION = YES;
				GCC_WARN_UNUSED_VARIABLE = YES;
				IPHONEOS_DEPLOYMENT_TARGET = 14.4;
				MTL_ENABLE_DEBUG_INFO = INCLUDE_SOURCE;
				MTL_FAST_MATH = YES;
				ONLY_ACTIVE_ARCH = YES;
				SDKROOT = iphoneos;
				SWIFT_ACTIVE_COMPILATION_CONDITIONS = DEBUG;
				SWIFT_OPTIMIZATION_LEVEL = "-Onone";
			};
			name = Debug;
		};
		AB8DE7C325D71BBE0095B368 /* Release */ = {
			isa = XCBuildConfiguration;
			buildSettings = {
				ALWAYS_SEARCH_USER_PATHS = NO;
				CLANG_ANALYZER_NONNULL = YES;
				CLANG_ANALYZER_NUMBER_OBJECT_CONVERSION = YES_AGGRESSIVE;
				CLANG_CXX_LANGUAGE_STANDARD = "gnu++14";
				CLANG_CXX_LIBRARY = "libc++";
				CLANG_ENABLE_MODULES = YES;
				CLANG_ENABLE_OBJC_ARC = YES;
				CLANG_ENABLE_OBJC_WEAK = YES;
				CLANG_WARN_BLOCK_CAPTURE_AUTORELEASING = YES;
				CLANG_WARN_BOOL_CONVERSION = YES;
				CLANG_WARN_COMMA = YES;
				CLANG_WARN_CONSTANT_CONVERSION = YES;
				CLANG_WARN_DEPRECATED_OBJC_IMPLEMENTATIONS = YES;
				CLANG_WARN_DIRECT_OBJC_ISA_USAGE = YES_ERROR;
				CLANG_WARN_DOCUMENTATION_COMMENTS = YES;
				CLANG_WARN_EMPTY_BODY = YES;
				CLANG_WARN_ENUM_CONVERSION = YES;
				CLANG_WARN_INFINITE_RECURSION = YES;
				CLANG_WARN_INT_CONVERSION = YES;
				CLANG_WARN_NON_LITERAL_NULL_CONVERSION = YES;
				CLANG_WARN_OBJC_IMPLICIT_RETAIN_SELF = YES;
				CLANG_WARN_OBJC_LITERAL_CONVERSION = YES;
				CLANG_WARN_OBJC_ROOT_CLASS = YES_ERROR;
				CLANG_WARN_QUOTED_INCLUDE_IN_FRAMEWORK_HEADER = YES;
				CLANG_WARN_RANGE_LOOP_ANALYSIS = YES;
				CLANG_WARN_STRICT_PROTOTYPES = YES;
				CLANG_WARN_SUSPICIOUS_MOVE = YES;
				CLANG_WARN_UNGUARDED_AVAILABILITY = YES_AGGRESSIVE;
				CLANG_WARN_UNREACHABLE_CODE = YES;
				CLANG_WARN__DUPLICATE_METHOD_MATCH = YES;
				COPY_PHASE_STRIP = NO;
				DEBUG_INFORMATION_FORMAT = "dwarf-with-dsym";
				ENABLE_NS_ASSERTIONS = NO;
				ENABLE_STRICT_OBJC_MSGSEND = YES;
				GCC_C_LANGUAGE_STANDARD = gnu11;
				GCC_NO_COMMON_BLOCKS = YES;
				GCC_WARN_64_TO_32_BIT_CONVERSION = YES;
				GCC_WARN_ABOUT_RETURN_TYPE = YES_ERROR;
				GCC_WARN_UNDECLARED_SELECTOR = YES;
				GCC_WARN_UNINITIALIZED_AUTOS = YES_AGGRESSIVE;
				GCC_WARN_UNUSED_FUNCTION = YES;
				GCC_WARN_UNUSED_VARIABLE = YES;
				IPHONEOS_DEPLOYMENT_TARGET = 14.4;
				MTL_ENABLE_DEBUG_INFO = NO;
				MTL_FAST_MATH = YES;
				SDKROOT = iphoneos;
				SWIFT_COMPILATION_MODE = wholemodule;
				SWIFT_OPTIMIZATION_LEVEL = "-O";
				VALIDATE_PRODUCT = YES;
			};
			name = Release;
		};
		AB8DE7C525D71BBE0095B368 /* Debug */ = {
			isa = XCBuildConfiguration;
			buildSettings = {
				ASSETCATALOG_COMPILER_APPICON_NAME = AppIcon;
				ASSETCATALOG_COMPILER_GLOBAL_ACCENT_COLOR_NAME = AccentColor;
				CODE_SIGN_STYLE = Automatic;
				DEVELOPMENT_TEAM = 93LWHTP5BH;
				INFOPLIST_FILE = AgainstTortures/Info.plist;
				LD_RUNPATH_SEARCH_PATHS = (
					"$(inherited)",
					"@executable_path/Frameworks",
				);
				PRODUCT_BUNDLE_IDENTIFIER = rs.newhome.AgainstTortures;
				PRODUCT_NAME = "$(TARGET_NAME)";
				SWIFT_VERSION = 5.0;
				TARGETED_DEVICE_FAMILY = "1,2";
			};
			name = Debug;
		};
		AB8DE7C625D71BBE0095B368 /* Release */ = {
			isa = XCBuildConfiguration;
			buildSettings = {
				ASSETCATALOG_COMPILER_APPICON_NAME = AppIcon;
				ASSETCATALOG_COMPILER_GLOBAL_ACCENT_COLOR_NAME = AccentColor;
				CODE_SIGN_STYLE = Automatic;
				DEVELOPMENT_TEAM = 93LWHTP5BH;
				INFOPLIST_FILE = AgainstTortures/Info.plist;
				LD_RUNPATH_SEARCH_PATHS = (
					"$(inherited)",
					"@executable_path/Frameworks",
				);
				PRODUCT_BUNDLE_IDENTIFIER = rs.newhome.AgainstTortures;
				PRODUCT_NAME = "$(TARGET_NAME)";
				SWIFT_VERSION = 5.0;
				TARGETED_DEVICE_FAMILY = "1,2";
			};
			name = Release;
		};
/* End XCBuildConfiguration section */

/* Begin XCConfigurationList section */
		AB8DE7A825D71BBC0095B368 /* Build configuration list for PBXProject "AgainstTortures" */ = {
			isa = XCConfigurationList;
			buildConfigurations = (
				AB8DE7C225D71BBE0095B368 /* Debug */,
				AB8DE7C325D71BBE0095B368 /* Release */,
			);
			defaultConfigurationIsVisible = 0;
			defaultConfigurationName = Release;
		};
		AB8DE7C425D71BBE0095B368 /* Build configuration list for PBXNativeTarget "AgainstTortures" */ = {
			isa = XCConfigurationList;
			buildConfigurations = (
				AB8DE7C525D71BBE0095B368 /* Debug */,
				AB8DE7C625D71BBE0095B368 /* Release */,
			);
			defaultConfigurationIsVisible = 0;
			defaultConfigurationName = Release;
		};
/* End XCConfigurationList section */

/* Begin XCVersionGroup section */
		AB8DE7B925D71BBC0095B368 /* AgainstTortures.xcdatamodeld */ = {
			isa = XCVersionGroup;
			children = (
				AB8DE7BA25D71BBC0095B368 /* AgainstTortures.xcdatamodel */,
			);
			currentVersion = AB8DE7BA25D71BBC0095B368 /* AgainstTortures.xcdatamodel */;
			path = AgainstTortures.xcdatamodeld;
			sourceTree = "<group>";
			versionGroupType = wrapper.xcdatamodel;
		};
/* End XCVersionGroup section */
	};
	rootObject = AB8DE7A525D71BBC0095B368 /* Project object */;
}
