// !$*UTF8*$!
{
	archiveVersion = 1;
	classes = {
	};
	objectVersion = 50;
	objects = {

/* Begin PBXBuildFile section */
		AB40BB6C25D8785000BB2D67 /* MainPageVC.swift in Sources */ = {isa = PBXBuildFile; fileRef = AB40BB6B25D8785000BB2D67 /* MainPageVC.swift */; };
		AB40BB7125D879D200BB2D67 /* ArticlesVC.swift in Sources */ = {isa = PBXBuildFile; fileRef = AB40BB7025D879D200BB2D67 /* ArticlesVC.swift */; };
		AB40BB7425D87A0000BB2D67 /* UserProfileVC.swift in Sources */ = {isa = PBXBuildFile; fileRef = AB40BB7325D87A0000BB2D67 /* UserProfileVC.swift */; };
		AB40BB7B25D9207800BB2D67 /* CardCell.swift in Sources */ = {isa = PBXBuildFile; fileRef = AB40BB7A25D9207800BB2D67 /* CardCell.swift */; };
		AB40BB7F25D9237600BB2D67 /* Assets.xcassets in Resources */ = {isa = PBXBuildFile; fileRef = AB40BB7E25D9237600BB2D67 /* Assets.xcassets */; };
		AB40BB8325D92BE100BB2D67 /* WhoDidThat.storyboard in Resources */ = {isa = PBXBuildFile; fileRef = AB40BB8225D92BE100BB2D67 /* WhoDidThat.storyboard */; };
		AB40BB8725D9642F00BB2D67 /* WhoDidThatVC_1.swift in Sources */ = {isa = PBXBuildFile; fileRef = AB40BB8625D9642F00BB2D67 /* WhoDidThatVC_1.swift */; };
		AB40BB8A25D9646700BB2D67 /* WhoDidThatVC_2.swift in Sources */ = {isa = PBXBuildFile; fileRef = AB40BB8925D9646700BB2D67 /* WhoDidThatVC_2.swift */; };
		AB40BB8D25D9647F00BB2D67 /* WhoDidThatVC_3.swift in Sources */ = {isa = PBXBuildFile; fileRef = AB40BB8C25D9647F00BB2D67 /* WhoDidThatVC_3.swift */; };
		AB40BB9025D9648A00BB2D67 /* WhoDidThatVC_4.swift in Sources */ = {isa = PBXBuildFile; fileRef = AB40BB8F25D9648A00BB2D67 /* WhoDidThatVC_4.swift */; };
		AB40BB9325D9649400BB2D67 /* WhoDidThatVC_5.swift in Sources */ = {isa = PBXBuildFile; fileRef = AB40BB9225D9649400BB2D67 /* WhoDidThatVC_5.swift */; };
		AB8DE7B125D71BBC0095B368 /* AppDelegate.swift in Sources */ = {isa = PBXBuildFile; fileRef = AB8DE7B025D71BBC0095B368 /* AppDelegate.swift */; };
		AB8DE7B325D71BBC0095B368 /* SceneDelegate.swift in Sources */ = {isa = PBXBuildFile; fileRef = AB8DE7B225D71BBC0095B368 /* SceneDelegate.swift */; };
		AB8DE7B825D71BBC0095B368 /* Main.storyboard in Resources */ = {isa = PBXBuildFile; fileRef = AB8DE7B625D71BBC0095B368 /* Main.storyboard */; };
		AB8DE7BB25D71BBC0095B368 /* AgainstTortures.xcdatamodeld in Sources */ = {isa = PBXBuildFile; fileRef = AB8DE7B925D71BBC0095B368 /* AgainstTortures.xcdatamodeld */; };
		AB8DE7C025D71BBE0095B368 /* LaunchScreen.storyboard in Resources */ = {isa = PBXBuildFile; fileRef = AB8DE7BE25D71BBE0095B368 /* LaunchScreen.storyboard */; };
		AB8DE7CB25D722A50095B368 /* WelcomeVC.swift in Sources */ = {isa = PBXBuildFile; fileRef = AB8DE7CA25D722A50095B368 /* WelcomeVC.swift */; };
		AB92D6B925D72C2E00CB0487 /* AuthMobileVC.swift in Sources */ = {isa = PBXBuildFile; fileRef = AB92D6B825D72C2E00CB0487 /* AuthMobileVC.swift */; };
		AB92D6BD25D73A2300CB0487 /* CodeCheckVC.swift in Sources */ = {isa = PBXBuildFile; fileRef = AB92D6BC25D73A2300CB0487 /* CodeCheckVC.swift */; };
		AB92D6C025D7464E00CB0487 /* InfoVC_1.swift in Sources */ = {isa = PBXBuildFile; fileRef = AB92D6BF25D7464E00CB0487 /* InfoVC_1.swift */; };
		AB92D6C325D7495A00CB0487 /* InfoVC_2.swift in Sources */ = {isa = PBXBuildFile; fileRef = AB92D6C225D7495A00CB0487 /* InfoVC_2.swift */; };
		ABBC1B3125D867650049E2C1 /* MainPage.storyboard in Resources */ = {isa = PBXBuildFile; fileRef = ABBC1B3025D867650049E2C1 /* MainPage.storyboard */; };
		ABD02C4325D7CFAF007A885B /* InfoVC_3.swift in Sources */ = {isa = PBXBuildFile; fileRef = ABD02C4225D7CFAF007A885B /* InfoVC_3.swift */; };
		ABD02C4625D7E492007A885B /* InfoVC_4.swift in Sources */ = {isa = PBXBuildFile; fileRef = ABD02C4525D7E492007A885B /* InfoVC_4.swift */; };
		ABD02C4925D7E4C1007A885B /* InfoVC_5.swift in Sources */ = {isa = PBXBuildFile; fileRef = ABD02C4825D7E4C1007A885B /* InfoVC_5.swift */; };
		ABD02C4C25D7E571007A885B /* EndRegistrationVC.swift in Sources */ = {isa = PBXBuildFile; fileRef = ABD02C4B25D7E571007A885B /* EndRegistrationVC.swift */; };
/* End PBXBuildFile section */

/* Begin PBXFileReference section */
		AB40BB6B25D8785000BB2D67 /* MainPageVC.swift */ = {isa = PBXFileReference; lastKnownFileType = sourcecode.swift; path = MainPageVC.swift; sourceTree = "<group>"; };
		AB40BB7025D879D200BB2D67 /* ArticlesVC.swift */ = {isa = PBXFileReference; lastKnownFileType = sourcecode.swift; path = ArticlesVC.swift; sourceTree = SOURCE_ROOT; };
		AB40BB7325D87A0000BB2D67 /* UserProfileVC.swift */ = {isa = PBXFileReference; lastKnownFileType = sourcecode.swift; name = UserProfileVC.swift; path = AgainstTortures/UserProfileVC.swift; sourceTree = SOURCE_ROOT; };
		AB40BB7A25D9207800BB2D67 /* CardCell.swift */ = {isa = PBXFileReference; lastKnownFileType = sourcecode.swift; name = CardCell.swift; path = AgainstTortures/CardCell.swift; sourceTree = SOURCE_ROOT; };
		AB40BB7E25D9237600BB2D67 /* Assets.xcassets */ = {isa = PBXFileReference; lastKnownFileType = folder.assetcatalog; name = Assets.xcassets; path = ../../../.Trash/Assets.xcassets; sourceTree = "<group>"; };
		AB40BB8225D92BE100BB2D67 /* WhoDidThat.storyboard */ = {isa = PBXFileReference; lastKnownFileType = file.storyboard; path = WhoDidThat.storyboard; sourceTree = "<group>"; };
		AB40BB8625D9642F00BB2D67 /* WhoDidThatVC_1.swift */ = {isa = PBXFileReference; lastKnownFileType = sourcecode.swift; path = WhoDidThatVC_1.swift; sourceTree = "<group>"; };
		AB40BB8925D9646700BB2D67 /* WhoDidThatVC_2.swift */ = {isa = PBXFileReference; lastKnownFileType = sourcecode.swift; path = WhoDidThatVC_2.swift; sourceTree = "<group>"; };
		AB40BB8C25D9647F00BB2D67 /* WhoDidThatVC_3.swift */ = {isa = PBXFileReference; lastKnownFileType = sourcecode.swift; path = WhoDidThatVC_3.swift; sourceTree = "<group>"; };
		AB40BB8F25D9648A00BB2D67 /* WhoDidThatVC_4.swift */ = {isa = PBXFileReference; lastKnownFileType = sourcecode.swift; path = WhoDidThatVC_4.swift; sourceTree = "<group>"; };
		AB40BB9225D9649400BB2D67 /* WhoDidThatVC_5.swift */ = {isa = PBXFileReference; lastKnownFileType = sourcecode.swift; path = WhoDidThatVC_5.swift; sourceTree = "<group>"; };
		AB8DE7AD25D71BBC0095B368 /* AgainstTortures.app */ = {isa = PBXFileReference; explicitFileType = wrapper.application; includeInIndex = 0; path = AgainstTortures.app; sourceTree = BUILT_PRODUCTS_DIR; };
		AB8DE7B025D71BBC0095B368 /* AppDelegate.swift */ = {isa = PBXFileReference; lastKnownFileType = sourcecode.swift; path = AppDelegate.swift; sourceTree = "<group>"; };
		AB8DE7B225D71BBC0095B368 /* SceneDelegate.swift */ = {isa = PBXFileReference; lastKnownFileType = sourcecode.swift; path = SceneDelegate.swift; sourceTree = "<group>"; };
		AB8DE7B725D71BBC0095B368 /* Base */ = {isa = PBXFileReference; lastKnownFileType = file.storyboard; name = Base; path = Base.lproj/Main.storyboard; sourceTree = "<group>"; };
		AB8DE7BA25D71BBC0095B368 /* AgainstTortures.xcdatamodel */ = {isa = PBXFileReference; lastKnownFileType = wrapper.xcdatamodel; path = AgainstTortures.xcdatamodel; sourceTree = "<group>"; };
		AB8DE7BF25D71BBE0095B368 /* Base */ = {isa = PBXFileReference; lastKnownFileType = file.storyboard; name = Base; path = Base.lproj/LaunchScreen.storyboard; sourceTree = "<group>"; };
		AB8DE7C125D71BBE0095B368 /* Info.plist */ = {isa = PBXFileReference; lastKnownFileType = text.plist.xml; path = Info.plist; sourceTree = "<group>"; };
		AB8DE7CA25D722A50095B368 /* WelcomeVC.swift */ = {isa = PBXFileReference; lastKnownFileType = sourcecode.swift; path = WelcomeVC.swift; sourceTree = "<group>"; };
		AB92D6B825D72C2E00CB0487 /* AuthMobileVC.swift */ = {isa = PBXFileReference; lastKnownFileType = sourcecode.swift; path = AuthMobileVC.swift; sourceTree = "<group>"; };
		AB92D6BC25D73A2300CB0487 /* CodeCheckVC.swift */ = {isa = PBXFileReference; lastKnownFileType = sourcecode.swift; name = CodeCheckVC.swift; path = AgainstTortures/CodeCheckVC.swift; sourceTree = SOURCE_ROOT; };
		AB92D6BF25D7464E00CB0487 /* InfoVC_1.swift */ = {isa = PBXFileReference; lastKnownFileType = sourcecode.swift; name = InfoVC_1.swift; path = AgainstTortures/InfoVC_1.swift; sourceTree = SOURCE_ROOT; };
		AB92D6C225D7495A00CB0487 /* InfoVC_2.swift */ = {isa = PBXFileReference; lastKnownFileType = sourcecode.swift; name = InfoVC_2.swift; path = AgainstTortures/InfoVC_2.swift; sourceTree = SOURCE_ROOT; };
		ABBC1B3025D867650049E2C1 /* MainPage.storyboard */ = {isa = PBXFileReference; lastKnownFileType = file.storyboard; path = MainPage.storyboard; sourceTree = "<group>"; };
		ABD02C4225D7CFAF007A885B /* InfoVC_3.swift */ = {isa = PBXFileReference; lastKnownFileType = sourcecode.swift; name = InfoVC_3.swift; path = AgainstTortures/InfoVC_3.swift; sourceTree = SOURCE_ROOT; };
		ABD02C4525D7E492007A885B /* InfoVC_4.swift */ = {isa = PBXFileReference; lastKnownFileType = sourcecode.swift; name = InfoVC_4.swift; path = AgainstTortures/InfoVC_4.swift; sourceTree = SOURCE_ROOT; };
		ABD02C4825D7E4C1007A885B /* InfoVC_5.swift */ = {isa = PBXFileReference; lastKnownFileType = sourcecode.swift; name = InfoVC_5.swift; path = AgainstTortures/InfoVC_5.swift; sourceTree = SOURCE_ROOT; };
		ABD02C4B25D7E571007A885B /* EndRegistrationVC.swift */ = {isa = PBXFileReference; lastKnownFileType = sourcecode.swift; name = EndRegistrationVC.swift; path = AgainstTortures/EndRegistrationVC.swift; sourceTree = SOURCE_ROOT; };
/* End PBXFileReference section */

/* Begin PBXFrameworksBuildPhase section */
		AB8DE7AA25D71BBC0095B368 /* Frameworks */ = {
			isa = PBXFrameworksBuildPhase;
			buildActionMask = 2147483647;
			files = (
			);
			runOnlyForDeploymentPostprocessing = 0;
		};
/* End PBXFrameworksBuildPhase section */

/* Begin PBXGroup section */
		AB40BB6E25D8785B00BB2D67 /* MainPageVCs */ = {
			isa = PBXGroup;
			children = (
				AB40BB7A25D9207800BB2D67 /* CardCell.swift */,
				AB40BB7325D87A0000BB2D67 /* UserProfileVC.swift */,
				AB40BB7025D879D200BB2D67 /* ArticlesVC.swift */,
				ABBC1B3025D867650049E2C1 /* MainPage.storyboard */,
				AB40BB6B25D8785000BB2D67 /* MainPageVC.swift */,
			);
			path = MainPageVCs;
			sourceTree = "<group>";
		};
		AB40BB8125D92B8F00BB2D67 /* NewClaim */ = {
			isa = PBXGroup;
			children = (
				AB40BB8225D92BE100BB2D67 /* WhoDidThat.storyboard */,
				AB40BB8C25D9647F00BB2D67 /* WhoDidThatVC_3.swift */,
				AB40BB8F25D9648A00BB2D67 /* WhoDidThatVC_4.swift */,
				AB40BB9225D9649400BB2D67 /* WhoDidThatVC_5.swift */,
				AB40BB8925D9646700BB2D67 /* WhoDidThatVC_2.swift */,
				AB40BB8625D9642F00BB2D67 /* WhoDidThatVC_1.swift */,
			);
			path = NewClaim;
			sourceTree = "<group>";
		};
		AB8DE7A425D71BBC0095B368 = {
			isa = PBXGroup;
			children = (
				AB40BB8125D92B8F00BB2D67 /* NewClaim */,
				AB40BB6E25D8785B00BB2D67 /* MainPageVCs */,
				AB8DE7CD25D722B00095B368 /* LoginVCs */,
				AB8DE7AF25D71BBC0095B368 /* AgainstTortures */,
				AB8DE7AE25D71BBC0095B368 /* Products */,
			);
			sourceTree = "<group>";
		};
		AB8DE7AE25D71BBC0095B368 /* Products */ = {
			isa = PBXGroup;
			children = (
				AB8DE7AD25D71BBC0095B368 /* AgainstTortures.app */,
			);
			name = Products;
			sourceTree = "<group>";
		};
		AB8DE7AF25D71BBC0095B368 /* AgainstTortures */ = {
			isa = PBXGroup;
			children = (
				AB8DE7B025D71BBC0095B368 /* AppDelegate.swift */,
				AB8DE7B225D71BBC0095B368 /* SceneDelegate.swift */,
				AB40BB7E25D9237600BB2D67 /* Assets.xcassets */,
				AB8DE7BE25D71BBE0095B368 /* LaunchScreen.storyboard */,
				AB8DE7C125D71BBE0095B368 /* Info.plist */,
				AB8DE7B925D71BBC0095B368 /* AgainstTortures.xcdatamodeld */,
			);
			path = AgainstTortures;
			sourceTree = "<group>";
		};
		AB8DE7CD25D722B00095B368 /* LoginVCs */ = {
			isa = PBXGroup;
			children = (
				ABD02C4B25D7E571007A885B /* EndRegistrationVC.swift */,
				ABD02C4825D7E4C1007A885B /* InfoVC_5.swift */,
				ABD02C4525D7E492007A885B /* InfoVC_4.swift */,
				ABD02C4225D7CFAF007A885B /* InfoVC_3.swift */,
				AB92D6C225D7495A00CB0487 /* InfoVC_2.swift */,
				AB92D6BF25D7464E00CB0487 /* InfoVC_1.swift */,
				AB8DE7B625D71BBC0095B368 /* Main.storyboard */,
				AB92D6BC25D73A2300CB0487 /* CodeCheckVC.swift */,
				AB92D6B825D72C2E00CB0487 /* AuthMobileVC.swift */,
				AB8DE7CA25D722A50095B368 /* WelcomeVC.swift */,
			);
			path = LoginVCs;
			sourceTree = "<group>";
		};
/* End PBXGroup section */

/* Begin PBXNativeTarget section */
		AB8DE7AC25D71BBC0095B368 /* AgainstTortures */ = {
			isa = PBXNativeTarget;
			buildConfigurationList = AB8DE7C425D71BBE0095B368 /* Build configuration list for PBXNativeTarget "AgainstTortures" */;
			buildPhases = (
				AB8DE7A925D71BBC0095B368 /* Sources */,
				AB8DE7AA25D71BBC0095B368 /* Frameworks */,
				AB8DE7AB25D71BBC0095B368 /* Resources */,
			);
			buildRules = (
			);
			dependencies = (
			);
			name = AgainstTortures;
			productName = AgainstTortures;
			productReference = AB8DE7AD25D71BBC0095B368 /* AgainstTortures.app */;
			productType = "com.apple.product-type.application";
		};
/* End PBXNativeTarget section */

/* Begin PBXProject section */
		AB8DE7A525D71BBC0095B368 /* Project object */ = {
			isa = PBXProject;
			attributes = {
				LastSwiftUpdateCheck = 1240;
				LastUpgradeCheck = 1240;
				TargetAttributes = {
					AB8DE7AC25D71BBC0095B368 = {
						CreatedOnToolsVersion = 12.4;
					};
				};
			};
			buildConfigurationList = AB8DE7A825D71BBC0095B368 /* Build configuration list for PBXProject "AgainstTortures" */;
			compatibilityVersion = "Xcode 9.3";
			developmentRegion = en;
			hasScannedForEncodings = 0;
			knownRegions = (
				en,
				Base,
			);
			mainGroup = AB8DE7A425D71BBC0095B368;
			productRefGroup = AB8DE7AE25D71BBC0095B368 /* Products */;
			projectDirPath = "";
			projectRoot = "";
			targets = (
				AB8DE7AC25D71BBC0095B368 /* AgainstTortures */,
			);
		};
/* End PBXProject section */

/* Begin PBXResourcesBuildPhase section */
		AB8DE7AB25D71BBC0095B368 /* Resources */ = {
			isa = PBXResourcesBuildPhase;
			buildActionMask = 2147483647;
			files = (
				ABBC1B3125D867650049E2C1 /* MainPage.storyboard in Resources */,
				AB8DE7C025D71BBE0095B368 /* LaunchScreen.storyboard in Resources */,
				AB40BB7F25D9237600BB2D67 /* Assets.xcassets in Resources */,
				AB40BB8325D92BE100BB2D67 /* WhoDidThat.storyboard in Resources */,
				AB8DE7B825D71BBC0095B368 /* Main.storyboard in Resources */,
			);
			runOnlyForDeploymentPostprocessing = 0;
		};
/* End PBXResourcesBuildPhase section */

/* Begin PBXSourcesBuildPhase section */
		AB8DE7A925D71BBC0095B368 /* Sources */ = {
			isa = PBXSourcesBuildPhase;
			buildActionMask = 2147483647;
			files = (
				AB40BB9325D9649400BB2D67 /* WhoDidThatVC_5.swift in Sources */,
				AB92D6BD25D73A2300CB0487 /* CodeCheckVC.swift in Sources */,
				AB40BB8A25D9646700BB2D67 /* WhoDidThatVC_2.swift in Sources */,
				AB40BB7125D879D200BB2D67 /* ArticlesVC.swift in Sources */,
				AB8DE7B125D71BBC0095B368 /* AppDelegate.swift in Sources */,
				AB40BB7B25D9207800BB2D67 /* CardCell.swift in Sources */,
				AB8DE7B325D71BBC0095B368 /* SceneDelegate.swift in Sources */,
				AB40BB8725D9642F00BB2D67 /* WhoDidThatVC_1.swift in Sources */,
				AB40BB9025D9648A00BB2D67 /* WhoDidThatVC_4.swift in Sources */,
				AB8DE7BB25D71BBC0095B368 /* AgainstTortures.xcdatamodeld in Sources */,
				AB92D6C025D7464E00CB0487 /* InfoVC_1.swift in Sources */,
				ABD02C4C25D7E571007A885B /* EndRegistrationVC.swift in Sources */,
				ABD02C4325D7CFAF007A885B /* InfoVC_3.swift in Sources */,
				AB40BB7425D87A0000BB2D67 /* UserProfileVC.swift in Sources */,
				AB8DE7CB25D722A50095B368 /* WelcomeVC.swift in Sources */,
				ABD02C4925D7E4C1007A885B /* InfoVC_5.swift in Sources */,
				AB92D6B925D72C2E00CB0487 /* AuthMobileVC.swift in Sources */,
				AB92D6C325D7495A00CB0487 /* InfoVC_2.swift in Sources */,
				AB40BB6C25D8785000BB2D67 /* MainPageVC.swift in Sources */,
				AB40BB8D25D9647F00BB2D67 /* WhoDidThatVC_3.swift in Sources */,
				ABD02C4625D7E492007A885B /* InfoVC_4.swift in Sources */,
			);
			runOnlyForDeploymentPostprocessing = 0;
		};
/* End PBXSourcesBuildPhase section */

/* Begin PBXVariantGroup section */
		AB8DE7B625D71BBC0095B368 /* Main.storyboard */ = {
			isa = PBXVariantGroup;
			children = (
				AB8DE7B725D71BBC0095B368 /* Base */,
			);
			name = Main.storyboard;
			sourceTree = "<group>";
		};
		AB8DE7BE25D71BBE0095B368 /* LaunchScreen.storyboard */ = {
			isa = PBXVariantGroup;
			children = (
				AB8DE7BF25D71BBE0095B368 /* Base */,
			);
			name = LaunchScreen.storyboard;
			sourceTree = "<group>";
		};
/* End PBXVariantGroup section */

/* Begin XCBuildConfiguration section */
		AB8DE7C225D71BBE0095B368 /* Debug */ = {
			isa = XCBuildConfiguration;
			buildSettings = {
				ALWAYS_SEARCH_USER_PATHS = NO;
				CLANG_ANALYZER_NONNULL = YES;
				CLANG_ANALYZER_NUMBER_OBJECT_CONVERSION = YES_AGGRESSIVE;
				CLANG_CXX_LANGUAGE_STANDARD = "gnu++14";
				CLANG_CXX_LIBRARY = "libc++";
				CLANG_ENABLE_MODULES = YES;
				CLANG_ENABLE_OBJC_ARC = YES;
				CLANG_ENABLE_OBJC_WEAK = YES;
				CLANG_WARN_BLOCK_CAPTURE_AUTORELEASING = YES;
				CLANG_WARN_BOOL_CONVERSION = YES;
				CLANG_WARN_COMMA = YES;
				CLANG_WARN_CONSTANT_CONVERSION = YES;
				CLANG_WARN_DEPRECATED_OBJC_IMPLEMENTATIONS = YES;
				CLANG_WARN_DIRECT_OBJC_ISA_USAGE = YES_ERROR;
				CLANG_WARN_DOCUMENTATION_COMMENTS = YES;
				CLANG_WARN_EMPTY_BODY = YES;
				CLANG_WARN_ENUM_CONVERSION = YES;
				CLANG_WARN_INFINITE_RECURSION = YES;
				CLANG_WARN_INT_CONVERSION = YES;
				CLANG_WARN_NON_LITERAL_NULL_CONVERSION = YES;
				CLANG_WARN_OBJC_IMPLICIT_RETAIN_SELF = YES;
				CLANG_WARN_OBJC_LITERAL_CONVERSION = YES;
				CLANG_WARN_OBJC_ROOT_CLASS = YES_ERROR;
				CLANG_WARN_QUOTED_INCLUDE_IN_FRAMEWORK_HEADER = YES;
				CLANG_WARN_RANGE_LOOP_ANALYSIS = YES;
				CLANG_WARN_STRICT_PROTOTYPES = YES;
				CLANG_WARN_SUSPICIOUS_MOVE = YES;
				CLANG_WARN_UNGUARDED_AVAILABILITY = YES_AGGRESSIVE;
				CLANG_WARN_UNREACHABLE_CODE = YES;
				CLANG_WARN__DUPLICATE_METHOD_MATCH = YES;
				COPY_PHASE_STRIP = NO;
				DEBUG_INFORMATION_FORMAT = dwarf;
				ENABLE_STRICT_OBJC_MSGSEND = YES;
				ENABLE_TESTABILITY = YES;
				GCC_C_LANGUAGE_STANDARD = gnu11;
				GCC_DYNAMIC_NO_PIC = NO;
				GCC_NO_COMMON_BLOCKS = YES;
				GCC_OPTIMIZATION_LEVEL = 0;
				GCC_PREPROCESSOR_DEFINITIONS = (
					"DEBUG=1",
					"$(inherited)",
				);
				GCC_WARN_64_TO_32_BIT_CONVERSION = YES;
				GCC_WARN_ABOUT_RETURN_TYPE = YES_ERROR;
				GCC_WARN_UNDECLARED_SELECTOR = YES;
				GCC_WARN_UNINITIALIZED_AUTOS = YES_AGGRESSIVE;
				GCC_WARN_UNUSED_FUNCTION = YES;
				GCC_WARN_UNUSED_VARIABLE = YES;
				IPHONEOS_DEPLOYMENT_TARGET = 14.4;
				MTL_ENABLE_DEBUG_INFO = INCLUDE_SOURCE;
				MTL_FAST_MATH = YES;
				ONLY_ACTIVE_ARCH = YES;
				SDKROOT = iphoneos;
				SWIFT_ACTIVE_COMPILATION_CONDITIONS = DEBUG;
				SWIFT_OPTIMIZATION_LEVEL = "-Onone";
			};
			name = Debug;
		};
		AB8DE7C325D71BBE0095B368 /* Release */ = {
			isa = XCBuildConfiguration;
			buildSettings = {
				ALWAYS_SEARCH_USER_PATHS = NO;
				CLANG_ANALYZER_NONNULL = YES;
				CLANG_ANALYZER_NUMBER_OBJECT_CONVERSION = YES_AGGRESSIVE;
				CLANG_CXX_LANGUAGE_STANDARD = "gnu++14";
				CLANG_CXX_LIBRARY = "libc++";
				CLANG_ENABLE_MODULES = YES;
				CLANG_ENABLE_OBJC_ARC = YES;
				CLANG_ENABLE_OBJC_WEAK = YES;
				CLANG_WARN_BLOCK_CAPTURE_AUTORELEASING = YES;
				CLANG_WARN_BOOL_CONVERSION = YES;
				CLANG_WARN_COMMA = YES;
				CLANG_WARN_CONSTANT_CONVERSION = YES;
				CLANG_WARN_DEPRECATED_OBJC_IMPLEMENTATIONS = YES;
				CLANG_WARN_DIRECT_OBJC_ISA_USAGE = YES_ERROR;
				CLANG_WARN_DOCUMENTATION_COMMENTS = YES;
				CLANG_WARN_EMPTY_BODY = YES;
				CLANG_WARN_ENUM_CONVERSION = YES;
				CLANG_WARN_INFINITE_RECURSION = YES;
				CLANG_WARN_INT_CONVERSION = YES;
				CLANG_WARN_NON_LITERAL_NULL_CONVERSION = YES;
				CLANG_WARN_OBJC_IMPLICIT_RETAIN_SELF = YES;
				CLANG_WARN_OBJC_LITERAL_CONVERSION = YES;
				CLANG_WARN_OBJC_ROOT_CLASS = YES_ERROR;
				CLANG_WARN_QUOTED_INCLUDE_IN_FRAMEWORK_HEADER = YES;
				CLANG_WARN_RANGE_LOOP_ANALYSIS = YES;
				CLANG_WARN_STRICT_PROTOTYPES = YES;
				CLANG_WARN_SUSPICIOUS_MOVE = YES;
				CLANG_WARN_UNGUARDED_AVAILABILITY = YES_AGGRESSIVE;
				CLANG_WARN_UNREACHABLE_CODE = YES;
				CLANG_WARN__DUPLICATE_METHOD_MATCH = YES;
				COPY_PHASE_STRIP = NO;
				DEBUG_INFORMATION_FORMAT = "dwarf-with-dsym";
				ENABLE_NS_ASSERTIONS = NO;
				ENABLE_STRICT_OBJC_MSGSEND = YES;
				GCC_C_LANGUAGE_STANDARD = gnu11;
				GCC_NO_COMMON_BLOCKS = YES;
				GCC_WARN_64_TO_32_BIT_CONVERSION = YES;
				GCC_WARN_ABOUT_RETURN_TYPE = YES_ERROR;
				GCC_WARN_UNDECLARED_SELECTOR = YES;
				GCC_WARN_UNINITIALIZED_AUTOS = YES_AGGRESSIVE;
				GCC_WARN_UNUSED_FUNCTION = YES;
				GCC_WARN_UNUSED_VARIABLE = YES;
				IPHONEOS_DEPLOYMENT_TARGET = 14.4;
				MTL_ENABLE_DEBUG_INFO = NO;
				MTL_FAST_MATH = YES;
				SDKROOT = iphoneos;
				SWIFT_COMPILATION_MODE = wholemodule;
				SWIFT_OPTIMIZATION_LEVEL = "-O";
				VALIDATE_PRODUCT = YES;
			};
			name = Release;
		};
		AB8DE7C525D71BBE0095B368 /* Debug */ = {
			isa = XCBuildConfiguration;
			buildSettings = {
				ASSETCATALOG_COMPILER_APPICON_NAME = AppIcon;
				ASSETCATALOG_COMPILER_GLOBAL_ACCENT_COLOR_NAME = AccentColor;
				CODE_SIGN_STYLE = Automatic;
				DEVELOPMENT_TEAM = 93LWHTP5BH;
				INFOPLIST_FILE = AgainstTortures/Info.plist;
				LD_RUNPATH_SEARCH_PATHS = (
					"$(inherited)",
					"@executable_path/Frameworks",
				);
				PRODUCT_BUNDLE_IDENTIFIER = rs.newhome.AgainstTortures;
				PRODUCT_NAME = "$(TARGET_NAME)";
				SWIFT_VERSION = 5.0;
				TARGETED_DEVICE_FAMILY = 1;
			};
			name = Debug;
		};
		AB8DE7C625D71BBE0095B368 /* Release */ = {
			isa = XCBuildConfiguration;
			buildSettings = {
				ASSETCATALOG_COMPILER_APPICON_NAME = AppIcon;
				ASSETCATALOG_COMPILER_GLOBAL_ACCENT_COLOR_NAME = AccentColor;
				CODE_SIGN_STYLE = Automatic;
				DEVELOPMENT_TEAM = 93LWHTP5BH;
				INFOPLIST_FILE = AgainstTortures/Info.plist;
				LD_RUNPATH_SEARCH_PATHS = (
					"$(inherited)",
					"@executable_path/Frameworks",
				);
				PRODUCT_BUNDLE_IDENTIFIER = rs.newhome.AgainstTortures;
				PRODUCT_NAME = "$(TARGET_NAME)";
				SWIFT_VERSION = 5.0;
				TARGETED_DEVICE_FAMILY = 1;
			};
			name = Release;
		};
/* End XCBuildConfiguration section */

/* Begin XCConfigurationList section */
		AB8DE7A825D71BBC0095B368 /* Build configuration list for PBXProject "AgainstTortures" */ = {
			isa = XCConfigurationList;
			buildConfigurations = (
				AB8DE7C225D71BBE0095B368 /* Debug */,
				AB8DE7C325D71BBE0095B368 /* Release */,
			);
			defaultConfigurationIsVisible = 0;
			defaultConfigurationName = Release;
		};
		AB8DE7C425D71BBE0095B368 /* Build configuration list for PBXNativeTarget "AgainstTortures" */ = {
			isa = XCConfigurationList;
			buildConfigurations = (
				AB8DE7C525D71BBE0095B368 /* Debug */,
				AB8DE7C625D71BBE0095B368 /* Release */,
			);
			defaultConfigurationIsVisible = 0;
			defaultConfigurationName = Release;
		};
/* End XCConfigurationList section */

/* Begin XCVersionGroup section */
		AB8DE7B925D71BBC0095B368 /* AgainstTortures.xcdatamodeld */ = {
			isa = XCVersionGroup;
			children = (
				AB8DE7BA25D71BBC0095B368 /* AgainstTortures.xcdatamodel */,
			);
			currentVersion = AB8DE7BA25D71BBC0095B368 /* AgainstTortures.xcdatamodel */;
			path = AgainstTortures.xcdatamodeld;
			sourceTree = "<group>";
			versionGroupType = wrapper.xcdatamodel;
		};
/* End XCVersionGroup section */
	};
	rootObject = AB8DE7A525D71BBC0095B368 /* Project object */;
}
